
Microsoft Visual Studio Solution File, Format Version 12.00
Project("{FAE04EC0-301F-11D3-BF4B-00C04F79EFBC}") = "GoodHamburguer.Model", "GoodHamburguer.Model\GoodHamburguer.Model.csproj", "{FB742AF4-88CC-47FA-BA8E-8B46268A3B98}"
EndProject
Project("{FAE04EC0-301F-11D3-BF4B-00C04F79EFBC}") = "GoodHamburguer.Application", "GoodHamburguer.Application\GoodHamburguer.Application.csproj", "{D7A1B16B-209E-4DF6-B582-5F63C421AEB6}"
EndProject
Project("{FAE04EC0-301F-11D3-BF4B-00C04F79EFBC}") = "GoodHamburguer.Infrastructure", "GoodHamburguer.Infrastructure\GoodHamburguer.Infrastructure.csproj", "{718C8356-114B-47EE-B4B1-29658CB95387}"
EndProject
Project("{FAE04EC0-301F-11D3-BF4B-00C04F79EFBC}") = "GoodHamburguer.API", "GoodHamburguer.API\GoodHamburguer.API.csproj", "{D61787A8-9199-4211-9B89-EEE73FF18C78}"
EndProject
Project("{FAE04EC0-301F-11D3-BF4B-00C04F79EFBC}") = "GoodHamburguer.Web", "GoodHamburguer.Web\GoodHamburguer.Web.csproj", "{CC22179B-AF74-4B21-917A-55CBC96DE746}"
EndProject
Global
	GlobalSection(SolutionConfigurationPlatforms) = preSolution
		Debug|Any CPU = Debug|Any CPU
		Release|Any CPU = Release|Any CPU
	EndGlobalSection
	GlobalSection(ProjectConfigurationPlatforms) = postSolution
		{FB742AF4-88CC-47FA-BA8E-8B46268A3B98}.Debug|Any CPU.ActiveCfg = Debug|Any CPU
		{FB742AF4-88CC-47FA-BA8E-8B46268A3B98}.Debug|Any CPU.Build.0 = Debug|Any CPU
		{FB742AF4-88CC-47FA-BA8E-8B46268A3B98}.Release|Any CPU.ActiveCfg = Release|Any CPU
		{FB742AF4-88CC-47FA-BA8E-8B46268A3B98}.Release|Any CPU.Build.0 = Release|Any CPU
		{D7A1B16B-209E-4DF6-B582-5F63C421AEB6}.Debug|Any CPU.ActiveCfg = Debug|Any CPU
		{D7A1B16B-209E-4DF6-B582-5F63C421AEB6}.Debug|Any CPU.Build.0 = Debug|Any CPU
		{D7A1B16B-209E-4DF6-B582-5F63C421AEB6}.Release|Any CPU.ActiveCfg = Release|Any CPU
		{D7A1B16B-209E-4DF6-B582-5F63C421AEB6}.Release|Any CPU.Build.0 = Release|Any CPU
		{718C8356-114B-47EE-B4B1-29658CB95387}.Debug|Any CPU.ActiveCfg = Debug|Any CPU
		{718C8356-114B-47EE-B4B1-29658CB95387}.Debug|Any CPU.Build.0 = Debug|Any CPU
		{718C8356-114B-47EE-B4B1-29658CB95387}.Release|Any CPU.ActiveCfg = Release|Any CPU
		{718C8356-114B-47EE-B4B1-29658CB95387}.Release|Any CPU.Build.0 = Release|Any CPU
		{D61787A8-9199-4211-9B89-EEE73FF18C78}.Debug|Any CPU.ActiveCfg = Debug|Any CPU
		{D61787A8-9199-4211-9B89-EEE73FF18C78}.Debug|Any CPU.Build.0 = Debug|Any CPU
		{D61787A8-9199-4211-9B89-EEE73FF18C78}.Release|Any CPU.ActiveCfg = Release|Any CPU
		{D61787A8-9199-4211-9B89-EEE73FF18C78}.Release|Any CPU.Build.0 = Release|Any CPU
		{CC22179B-AF74-4B21-917A-55CBC96DE746}.Debug|Any CPU.ActiveCfg = Debug|Any CPU
		{CC22179B-AF74-4B21-917A-55CBC96DE746}.Debug|Any CPU.Build.0 = Debug|Any CPU
		{CC22179B-AF74-4B21-917A-55CBC96DE746}.Release|Any CPU.ActiveCfg = Release|Any CPU
		{CC22179B-AF74-4B21-917A-55CBC96DE746}.Release|Any CPU.Build.0 = Release|Any CPU
	EndGlobalSection
EndGlobal
